
Microsoft Visual Studio Solution File, Format Version 12.00
# Visual Studio Version 17
VisualStudioVersion = 17.14.36127.28 d17.14
MinimumVisualStudioVersion = 10.0.40219.1
Project("{FAE04EC0-301F-11D3-BF4B-00C04F79EFBC}") = "AdventOfCode", "AdventOfCode.csproj", "{8D80B4B5-2454-495C-872E-EE14FE6E673B}"
EndProject
Global
	GlobalSection(SolutionConfigurationPlatforms) = preSolution
		Debug|Any CPU = Debug|Any CPU
		Release|Any CPU = Release|Any CPU
	EndGlobalSection
	GlobalSection(ProjectConfigurationPlatforms) = postSolution
		{8D80B4B5-2454-495C-872E-EE14FE6E673B}.Debug|Any CPU.ActiveCfg = Debug|Any CPU
		{8D80B4B5-2454-495C-872E-EE14FE6E673B}.Debug|Any CPU.Build.0 = Debug|Any CPU
		{8D80B4B5-2454-495C-872E-EE14FE6E673B}.Release|Any CPU.ActiveCfg = Release|Any CPU
		{8D80B4B5-2454-495C-872E-EE14FE6E673B}.Release|Any CPU.Build.0 = Release|Any CPU
	EndGlobalSection
	GlobalSection(SolutionProperties) = preSolution
		HideSolutionNode = FALSE
	EndGlobalSection
	GlobalSection(ExtensibilityGlobals) = postSolution
		SolutionGuid = {D2534943-099C-4777-8981-92E2C4A50FEE}
	EndGlobalSection
EndGlobal
